
Microsoft Visual Studio Solution File, Format Version 12.00
# Visual Studio Version 17
VisualStudioVersion = 17.13.35913.81 d17.13
MinimumVisualStudioVersion = 10.0.40219.1
Project("{FAE04EC0-301F-11D3-BF4B-00C04F79EFBC}") = "TreeVisualizer", "TreeVisualizer.csproj", "{5BB0E384-3A4E-4CDA-934A-00D4FDB64617}"
EndProject
Global
	GlobalSection(SolutionConfigurationPlatforms) = preSolution
		Debug|Any CPU = Debug|Any CPU
		Release|Any CPU = Release|Any CPU
	EndGlobalSection
	GlobalSection(ProjectConfigurationPlatforms) = postSolution
		{5BB0E384-3A4E-4CDA-934A-00D4FDB64617}.Debug|Any CPU.ActiveCfg = Debug|Any CPU
		{5BB0E384-3A4E-4CDA-934A-00D4FDB64617}.Debug|Any CPU.Build.0 = Debug|Any CPU
		{5BB0E384-3A4E-4CDA-934A-00D4FDB64617}.Release|Any CPU.ActiveCfg = Release|Any CPU
		{5BB0E384-3A4E-4CDA-934A-00D4FDB64617}.Release|Any CPU.Build.0 = Release|Any CPU
	EndGlobalSection
	GlobalSection(SolutionProperties) = preSolution
		HideSolutionNode = FALSE
	EndGlobalSection
	GlobalSection(ExtensibilityGlobals) = postSolution
		SolutionGuid = {56486752-8A3E-4FFC-AF2F-4151F7E5FA62}
	EndGlobalSection
EndGlobal
